
Microsoft Visual Studio Solution File, Format Version 12.00
# Visual Studio Version 17
VisualStudioVersion = 17.5.002.0
MinimumVisualStudioVersion = 10.0.40219.1
Project("{9A19103F-16F7-4668-BE54-9A1E7A4F7556}") = "Project", "Project.csproj", "{5351814C-BB5A-4178-A536-52262B537C80}"
EndProject
Global
	GlobalSection(SolutionConfigurationPlatforms) = preSolution
		Debug|Any CPU = Debug|Any CPU
		Release|Any CPU = Release|Any CPU
	EndGlobalSection
	GlobalSection(ProjectConfigurationPlatforms) = postSolution
		{5351814C-BB5A-4178-A536-52262B537C80}.Debug|Any CPU.ActiveCfg = Debug|Any CPU
		{5351814C-BB5A-4178-A536-52262B537C80}.Debug|Any CPU.Build.0 = Debug|Any CPU
		{5351814C-BB5A-4178-A536-52262B537C80}.Release|Any CPU.ActiveCfg = Release|Any CPU
		{5351814C-BB5A-4178-A536-52262B537C80}.Release|Any CPU.Build.0 = Release|Any CPU
	EndGlobalSection
	GlobalSection(SolutionProperties) = preSolution
		HideSolutionNode = FALSE
	EndGlobalSection
	GlobalSection(ExtensibilityGlobals) = postSolution
		SolutionGuid = {ED287737-5214-47B8-9068-70AE17B74E76}
	EndGlobalSection
EndGlobal
